
Microsoft Visual Studio Solution File, Format Version 12.00
# Visual Studio 15
Project("{FAE04EC0-301F-11D3-BF4B-00C04F79EFBC}") = "SecureCacheCore22", "SecureCacheCore22\SecureCacheCore22.csproj", "{BDA93694-02B3-43DB-8BD9-9027624DC892}"
EndProject
Global
	GlobalSection(SolutionConfigurationPlatforms) = preSolution
		Debug|Any CPU = Debug|Any CPU
		Release|Any CPU = Release|Any CPU
	EndGlobalSection
	GlobalSection(ProjectConfigurationPlatforms) = postSolution
		{BDA93694-02B3-43DB-8BD9-9027624DC892}.Debug|Any CPU.ActiveCfg = Debug|Any CPU
		{BDA93694-02B3-43DB-8BD9-9027624DC892}.Debug|Any CPU.Build.0 = Debug|Any CPU
		{BDA93694-02B3-43DB-8BD9-9027624DC892}.Release|Any CPU.ActiveCfg = Release|Any CPU
		{BDA93694-02B3-43DB-8BD9-9027624DC892}.Release|Any CPU.Build.0 = Release|Any CPU
	EndGlobalSection
EndGlobal
